
Microsoft Visual Studio Solution File, Format Version 12.00
# Visual Studio Version 17
VisualStudioVersion = 17.3.32804.467
MinimumVisualStudioVersion = 10.0.40219.1
Project("{FAE04EC0-301F-11D3-BF4B-00C04F79EFBC}") = "AzureMgmt", "AzureMgmt\AzureMgmt.csproj", "{A55CB951-8262-404D-AA22-E972E4B8D1AA}"
EndProject
Global
	GlobalSection(SolutionConfigurationPlatforms) = preSolution
		Debug|Any CPU = Debug|Any CPU
		Release|Any CPU = Release|Any CPU
	EndGlobalSection
	GlobalSection(ProjectConfigurationPlatforms) = postSolution
		{A55CB951-8262-404D-AA22-E972E4B8D1AA}.Debug|Any CPU.ActiveCfg = Debug|Any CPU
		{A55CB951-8262-404D-AA22-E972E4B8D1AA}.Debug|Any CPU.Build.0 = Debug|Any CPU
		{A55CB951-8262-404D-AA22-E972E4B8D1AA}.Release|Any CPU.ActiveCfg = Release|Any CPU
		{A55CB951-8262-404D-AA22-E972E4B8D1AA}.Release|Any CPU.Build.0 = Release|Any CPU
	EndGlobalSection
	GlobalSection(SolutionProperties) = preSolution
		HideSolutionNode = FALSE
	EndGlobalSection
	GlobalSection(ExtensibilityGlobals) = postSolution
		SolutionGuid = {27617A39-1C72-4969-8CB0-44C77999581A}
	EndGlobalSection
EndGlobal
